// !$*UTF8*$!
{
	archiveVersion = 1;
	classes = {
	};
	objectVersion = 77;
	objects = {

/* Begin PBXContainerItemProxy section */
		0A239DEA2EAD9E8A003389C3 /* PBXContainerItemProxy */ = {
			isa = PBXContainerItemProxy;
			containerPortal = 0A239DD22EAD9E85003389C3 /* Project object */;
			proxyType = 1;
			remoteGlobalIDString = 0A239DD92EAD9E85003389C3;
			remoteInfo = nesforgood;
		};
		0A239DF42EAD9E8A003389C3 /* PBXContainerItemProxy */ = {
			isa = PBXContainerItemProxy;
			containerPortal = 0A239DD22EAD9E85003389C3 /* Project object */;
			proxyType = 1;
			remoteGlobalIDString = 0A239DD92EAD9E85003389C3;
			remoteInfo = nesforgood;
		};
/* End PBXContainerItemProxy section */

/* Begin PBXFileReference section */
		0A239DDA2EAD9E85003389C3 /* nesforgood.app */ = {isa = PBXFileReference; explicitFileType = wrapper.application; includeInIndex = 0; path = nesforgood.app; sourceTree = BUILT_PRODUCTS_DIR; };
		0A239DE92EAD9E8A003389C3 /* nesforgoodTests.xctest */ = {isa = PBXFileReference; explicitFileType = wrapper.cfbundle; includeInIndex = 0; path = nesforgoodTests.xctest; sourceTree = BUILT_PRODUCTS_DIR; };
		0A239DF32EAD9E8A003389C3 /* nesforgoodUITests.xctest */ = {isa = PBXFileReference; explicitFileType = wrapper.cfbundle; includeInIndex = 0; path = nesforgoodUITests.xctest; sourceTree = BUILT_PRODUCTS_DIR; };
/* End PBXFileReference section */

/* Begin PBXFileSystemSynchronizedRootGroup section */
		0A239DDC2EAD9E85003389C3 /* nesforgood */ = {
			isa = PBXFileSystemSynchronizedRootGroup;
			path = nesforgood;
			sourceTree = "<group>";
		};
		0A239DEC2EAD9E8A003389C3 /* nesforgoodTests */ = {
			isa = PBXFileSystemSynchronizedRootGroup;
			path = nesforgoodTests;
			sourceTree = "<group>";
		};
		0A239DF62EAD9E8A003389C3 /* nesforgoodUITests */ = {
			isa = PBXFileSystemSynchronizedRootGroup;
			path = nesforgoodUITests;
			sourceTree = "<group>";
		};
/* End PBXFileSystemSynchronizedRootGroup section */

/* Begin PBXFrameworksBuildPhase section */
		0A239DD72EAD9E85003389C3 /* Frameworks */ = {
			isa = PBXFrameworksBuildPhase;
			buildActionMask = 2147483647;
			files = (
			);
			runOnlyForDeploymentPostprocessing = 0;
		};
		0A239DE62EAD9E8A003389C3 /* Frameworks */ = {
			isa = PBXFrameworksBuildPhase;
			buildActionMask = 2147483647;
			files = (
			);
			runOnlyForDeploymentPostprocessing = 0;
		};
		0A239DF02EAD9E8A003389C3 /* Frameworks */ = {
			isa = PBXFrameworksBuildPhase;
			buildActionMask = 2147483647;
			files = (
			);
			runOnlyForDeploymentPostprocessing = 0;
		};
/* End PBXFrameworksBuildPhase section */

/* Begin PBXGroup section */
		0A239DD12EAD9E85003389C3 = {
			isa = PBXGroup;
			children = (
				0A239DDC2EAD9E85003389C3 /* nesforgood */,
				0A239DEC2EAD9E8A003389C3 /* nesforgoodTests */,
				0A239DF62EAD9E8A003389C3 /* nesforgoodUITests */,
				0A239DDB2EAD9E85003389C3 /* Products */,
			);
			sourceTree = "<group>";
		};
		0A239DDB2EAD9E85003389C3 /* Products */ = {
			isa = PBXGroup;
			children = (
				0A239DDA2EAD9E85003389C3 /* nesforgood.app */,
				0A239DE92EAD9E8A003389C3 /* nesforgoodTests.xctest */,
				0A239DF32EAD9E8A003389C3 /* nesforgoodUITests.xctest */,
			);
			name = Products;
			sourceTree = "<group>";
		};
/* End PBXGroup section */

/* Begin PBXNativeTarget section */
		0A239DD92EAD9E85003389C3 /* nesforgood */ = {
			isa = PBXNativeTarget;
			buildConfigurationList = 0A239DFD2EAD9E8A003389C3 /* Build configuration list for PBXNativeTarget "nesforgood" */;
			buildPhases = (
				0A239DD62EAD9E85003389C3 /* Sources */,
				0A239DD72EAD9E85003389C3 /* Frameworks */,
				0A239DD82EAD9E85003389C3 /* Resources */,
			);
			buildRules = (
			);
			dependencies = (
			);
			fileSystemSynchronizedGroups = (
				0A239DDC2EAD9E85003389C3 /* nesforgood */,
			);
			name = nesforgood;
			packageProductDependencies = (
			);
			productName = nesforgood;
			productReference = 0A239DDA2EAD9E85003389C3 /* nesforgood.app */;
			productType = "com.apple.product-type.application";
		};
		0A239DE82EAD9E8A003389C3 /* nesforgoodTests */ = {
			isa = PBXNativeTarget;
			buildConfigurationList = 0A239E002EAD9E8A003389C3 /* Build configuration list for PBXNativeTarget "nesforgoodTests" */;
			buildPhases = (
				0A239DE52EAD9E8A003389C3 /* Sources */,
				0A239DE62EAD9E8A003389C3 /* Frameworks */,
				0A239DE72EAD9E8A003389C3 /* Resources */,
			);
			buildRules = (
			);
			dependencies = (
				0A239DEB2EAD9E8A003389C3 /* PBXTargetDependency */,
			);
			fileSystemSynchronizedGroups = (
				0A239DEC2EAD9E8A003389C3 /* nesforgoodTests */,
			);
			name = nesforgoodTests;
			packageProductDependencies = (
			);
			productName = nesforgoodTests;
			productReference = 0A239DE92EAD9E8A003389C3 /* nesforgoodTests.xctest */;
			productType = "com.apple.product-type.bundle.unit-test";
		};
		0A239DF22EAD9E8A003389C3 /* nesforgoodUITests */ = {
			isa = PBXNativeTarget;
			buildConfigurationList = 0A239E032EAD9E8A003389C3 /* Build configuration list for PBXNativeTarget "nesforgoodUITests" */;
			buildPhases = (
				0A239DEF2EAD9E8A003389C3 /* Sources */,
				0A239DF02EAD9E8A003389C3 /* Frameworks */,
				0A239DF12EAD9E8A003389C3 /* Resources */,
			);
			buildRules = (
			);
			dependencies = (
				0A239DF52EAD9E8A003389C3 /* PBXTargetDependency */,
			);
			fileSystemSynchronizedGroups = (
				0A239DF62EAD9E8A003389C3 /* nesforgoodUITests */,
			);
			name = nesforgoodUITests;
			packageProductDependencies = (
			);
			productName = nesforgoodUITests;
			productReference = 0A239DF32EAD9E8A003389C3 /* nesforgoodUITests.xctest */;
			productType = "com.apple.product-type.bundle.ui-testing";
		};
/* End PBXNativeTarget section */

/* Begin PBXProject section */
		0A239DD22EAD9E85003389C3 /* Project object */ = {
			isa = PBXProject;
			attributes = {
				BuildIndependentTargetsInParallel = 1;
				LastSwiftUpdateCheck = 2600;
				LastUpgradeCheck = 2600;
				TargetAttributes = {
					0A239DD92EAD9E85003389C3 = {
						CreatedOnToolsVersion = 26.0;
						LastSwiftMigration = 2600;
					};
					0A239DE82EAD9E8A003389C3 = {
						CreatedOnToolsVersion = 26.0;
						TestTargetID = 0A239DD92EAD9E85003389C3;
					};
					0A239DF22EAD9E8A003389C3 = {
						CreatedOnToolsVersion = 26.0;
						TestTargetID = 0A239DD92EAD9E85003389C3;
					};
				};
			};
			buildConfigurationList = 0A239DD52EAD9E85003389C3 /* Build configuration list for PBXProject "nesforgood" */;
			developmentRegion = en;
			hasScannedForEncodings = 0;
			knownRegions = (
				en,
				Base,
			);
			mainGroup = 0A239DD12EAD9E85003389C3;
			minimizedProjectReferenceProxies = 1;
			preferredProjectObjectVersion = 77;
			productRefGroup = 0A239DDB2EAD9E85003389C3 /* Products */;
			projectDirPath = "";
			projectRoot = "";
			targets = (
				0A239DD92EAD9E85003389C3 /* nesforgood */,
				0A239DE82EAD9E8A003389C3 /* nesforgoodTests */,
				0A239DF22EAD9E8A003389C3 /* nesforgoodUITests */,
			);
		};
/* End PBXProject section */

/* Begin PBXResourcesBuildPhase section */
		0A239DD82EAD9E85003389C3 /* Resources */ = {
			isa = PBXResourcesBuildPhase;
			buildActionMask = 2147483647;
			files = (
			);
			runOnlyForDeploymentPostprocessing = 0;
		};
		0A239DE72EAD9E8A003389C3 /* Resources */ = {
			isa = PBXResourcesBuildPhase;
			buildActionMask = 2147483647;
			files = (
			);
			runOnlyForDeploymentPostprocessing = 0;
		};
		0A239DF12EAD9E8A003389C3 /* Resources */ = {
			isa = PBXResourcesBuildPhase;
			buildActionMask = 2147483647;
			files = (
			);
			runOnlyForDeploymentPostprocessing = 0;
		};
/* End PBXResourcesBuildPhase section */

/* Begin PBXSourcesBuildPhase section */
		0A239DD62EAD9E85003389C3 /* Sources */ = {
			isa = PBXSourcesBuildPhase;
			buildActionMask = 2147483647;
			files = (
			);
			runOnlyForDeploymentPostprocessing = 0;
		};
		0A239DE52EAD9E8A003389C3 /* Sources */ = {
			isa = PBXSourcesBuildPhase;
			buildActionMask = 2147483647;
			files = (
			);
			runOnlyForDeploymentPostprocessing = 0;
		};
		0A239DEF2EAD9E8A003389C3 /* Sources */ = {
			isa = PBXSourcesBuildPhase;
			buildActionMask = 2147483647;
			files = (
			);
			runOnlyForDeploymentPostprocessing = 0;
		};
/* End PBXSourcesBuildPhase section */

/* Begin PBXTargetDependency section */
		0A239DEB2EAD9E8A003389C3 /* PBXTargetDependency */ = {
			isa = PBXTargetDependency;
			target = 0A239DD92EAD9E85003389C3 /* nesforgood */;
			targetProxy = 0A239DEA2EAD9E8A003389C3 /* PBXContainerItemProxy */;
		};
		0A239DF52EAD9E8A003389C3 /* PBXTargetDependency */ = {
			isa = PBXTargetDependency;
			target = 0A239DD92EAD9E85003389C3 /* nesforgood */;
			targetProxy = 0A239DF42EAD9E8A003389C3 /* PBXContainerItemProxy */;
		};
/* End PBXTargetDependency section */

/* Begin XCBuildConfiguration section */
		0A239DFB2EAD9E8A003389C3 /* Debug */ = {
			isa = XCBuildConfiguration;
			buildSettings = {
				ALWAYS_SEARCH_USER_PATHS = NO;
				ASSETCATALOG_COMPILER_GENERATE_SWIFT_ASSET_SYMBOL_EXTENSIONS = YES;
				CLANG_ANALYZER_NONNULL = YES;
				CLANG_ANALYZER_NUMBER_OBJECT_CONVERSION = YES_AGGRESSIVE;
				CLANG_CXX_LANGUAGE_STANDARD = "gnu++20";
				CLANG_ENABLE_MODULES = YES;
				CLANG_ENABLE_OBJC_ARC = YES;
				CLANG_ENABLE_OBJC_WEAK = YES;
				CLANG_WARN_BLOCK_CAPTURE_AUTORELEASING = YES;
				CLANG_WARN_BOOL_CONVERSION = YES;
				CLANG_WARN_COMMA = YES;
				CLANG_WARN_CONSTANT_CONVERSION = YES;
				CLANG_WARN_DEPRECATED_OBJC_IMPLEMENTATIONS = YES;
				CLANG_WARN_DIRECT_OBJC_ISA_USAGE = YES_ERROR;
				CLANG_WARN_DOCUMENTATION_COMMENTS = YES;
				CLANG_WARN_EMPTY_BODY = YES;
				CLANG_WARN_ENUM_CONVERSION = YES;
				CLANG_WARN_INFINITE_RECURSION = YES;
				CLANG_WARN_INT_CONVERSION = YES;
				CLANG_WARN_NON_LITERAL_NULL_CONVERSION = YES;
				CLANG_WARN_OBJC_IMPLICIT_RETAIN_SELF = YES;
				CLANG_WARN_OBJC_LITERAL_CONVERSION = YES;
				CLANG_WARN_OBJC_ROOT_CLASS = YES_ERROR;
				CLANG_WARN_QUOTED_INCLUDE_IN_FRAMEWORK_HEADER = YES;
				CLANG_WARN_RANGE_LOOP_ANALYSIS = YES;
				CLANG_WARN_STRICT_PROTOTYPES = YES;
				CLANG_WARN_SUSPICIOUS_MOVE = YES;
				CLANG_WARN_UNGUARDED_AVAILABILITY = YES_AGGRESSIVE;
				CLANG_WARN_UNREACHABLE_CODE = YES;
				CLANG_WARN__DUPLICATE_METHOD_MATCH = YES;
				COPY_PHASE_STRIP = NO;
				DEBUG_INFORMATION_FORMAT = dwarf;
				ENABLE_STRICT_OBJC_MSGSEND = YES;
				ENABLE_TESTABILITY = YES;
				ENABLE_USER_SCRIPT_SANDBOXING = YES;
				GCC_C_LANGUAGE_STANDARD = gnu17;
				GCC_DYNAMIC_NO_PIC = NO;
				GCC_NO_COMMON_BLOCKS = YES;
				GCC_OPTIMIZATION_LEVEL = 0;
				GCC_PREPROCESSOR_DEFINITIONS = (
					"DEBUG=1",
					"$(inherited)",
				);
				GCC_WARN_64_TO_32_BIT_CONVERSION = YES;
				GCC_WARN_ABOUT_RETURN_TYPE = YES_ERROR;
				GCC_WARN_UNDECLARED_SELECTOR = YES;
				GCC_WARN_UNINITIALIZED_AUTOS = YES_AGGRESSIVE;
				GCC_WARN_UNUSED_FUNCTION = YES;
				GCC_WARN_UNUSED_VARIABLE = YES;
				LOCALIZATION_PREFERS_STRING_CATALOGS = YES;
				MACOSX_DEPLOYMENT_TARGET = 15.7;
				MTL_ENABLE_DEBUG_INFO = INCLUDE_SOURCE;
				MTL_FAST_MATH = YES;
				ONLY_ACTIVE_ARCH = YES;
				SDKROOT = macosx;
				SWIFT_ACTIVE_COMPILATION_CONDITIONS = "DEBUG $(inherited)";
				SWIFT_OPTIMIZATION_LEVEL = "-Onone";
			};
			name = Debug;
		};
		0A239DFC2EAD9E8A003389C3 /* Release */ = {
			isa = XCBuildConfiguration;
			buildSettings = {
				ALWAYS_SEARCH_USER_PATHS = NO;
				ASSETCATALOG_COMPILER_GENERATE_SWIFT_ASSET_SYMBOL_EXTENSIONS = YES;
				CLANG_ANALYZER_NONNULL = YES;
				CLANG_ANALYZER_NUMBER_OBJECT_CONVERSION = YES_AGGRESSIVE;
				CLANG_CXX_LANGUAGE_STANDARD = "gnu++20";
				CLANG_ENABLE_MODULES = YES;
				CLANG_ENABLE_OBJC_ARC = YES;
				CLANG_ENABLE_OBJC_WEAK = YES;
				CLANG_WARN_BLOCK_CAPTURE_AUTORELEASING = YES;
				CLANG_WARN_BOOL_CONVERSION = YES;
				CLANG_WARN_COMMA = YES;
				CLANG_WARN_CONSTANT_CONVERSION = YES;
				CLANG_WARN_DEPRECATED_OBJC_IMPLEMENTATIONS = YES;
				CLANG_WARN_DIRECT_OBJC_ISA_USAGE = YES_ERROR;
				CLANG_WARN_DOCUMENTATION_COMMENTS = YES;
				CLANG_WARN_EMPTY_BODY = YES;
				CLANG_WARN_ENUM_CONVERSION = YES;
				CLANG_WARN_INFINITE_RECURSION = YES;
				CLANG_WARN_INT_CONVERSION = YES;
				CLANG_WARN_NON_LITERAL_NULL_CONVERSION = YES;
				CLANG_WARN_OBJC_IMPLICIT_RETAIN_SELF = YES;
				CLANG_WARN_OBJC_LITERAL_CONVERSION = YES;
				CLANG_WARN_OBJC_ROOT_CLASS = YES_ERROR;
				CLANG_WARN_QUOTED_INCLUDE_IN_FRAMEWORK_HEADER = YES;
				CLANG_WARN_RANGE_LOOP_ANALYSIS = YES;
				CLANG_WARN_STRICT_PROTOTYPES = YES;
				CLANG_WARN_SUSPICIOUS_MOVE = YES;
				CLANG_WARN_UNGUARDED_AVAILABILITY = YES_AGGRESSIVE;
				CLANG_WARN_UNREACHABLE_CODE = YES;
				CLANG_WARN__DUPLICATE_METHOD_MATCH = YES;
				COPY_PHASE_STRIP = NO;
				DEBUG_INFORMATION_FORMAT = "dwarf-with-dsym";
				ENABLE_NS_ASSERTIONS = NO;
				ENABLE_STRICT_OBJC_MSGSEND = YES;
				ENABLE_USER_SCRIPT_SANDBOXING = YES;
				GCC_C_LANGUAGE_STANDARD = gnu17;
				GCC_NO_COMMON_BLOCKS = YES;
				GCC_WARN_64_TO_32_BIT_CONVERSION = YES;
				GCC_WARN_ABOUT_RETURN_TYPE = YES_ERROR;
				GCC_WARN_UNDECLARED_SELECTOR = YES;
				GCC_WARN_UNINITIALIZED_AUTOS = YES_AGGRESSIVE;
				GCC_WARN_UNUSED_FUNCTION = YES;
				GCC_WARN_UNUSED_VARIABLE = YES;
				LOCALIZATION_PREFERS_STRING_CATALOGS = YES;
				MACOSX_DEPLOYMENT_TARGET = 15.7;
				MTL_ENABLE_DEBUG_INFO = NO;
				MTL_FAST_MATH = YES;
				SDKROOT = macosx;
				SWIFT_COMPILATION_MODE = wholemodule;
			};
			name = Release;
		};
		0A239DFE2EAD9E8A003389C3 /* Debug */ = {
			isa = XCBuildConfiguration;
			buildSettings = {
				ASSETCATALOG_COMPILER_APPICON_NAME = AppIcon;
				ASSETCATALOG_COMPILER_GLOBAL_ACCENT_COLOR_NAME = AccentColor;
				CLANG_ENABLE_MODULES = YES;
				CODE_SIGN_STYLE = Automatic;
				COMBINE_HIDPI_IMAGES = YES;
				CURRENT_PROJECT_VERSION = 1;
				ENABLE_APP_SANDBOX = YES;
				ENABLE_PREVIEWS = YES;
				ENABLE_USER_SELECTED_FILES = readonly;
				GENERATE_INFOPLIST_FILE = YES;
				INFOPLIST_KEY_NSHumanReadableCopyright = "";
				LD_RUNPATH_SEARCH_PATHS = (
					"$(inherited)",
					"@executable_path/../Frameworks",
				);
				MARKETING_VERSION = 1.0;
				PRODUCT_BUNDLE_IDENTIFIER = kev.nesforgood;
				PRODUCT_NAME = "$(TARGET_NAME)";
				REGISTER_APP_GROUPS = YES;
				STRING_CATALOG_GENERATE_SYMBOLS = YES;
				SWIFT_APPROACHABLE_CONCURRENCY = YES;
				SWIFT_DEFAULT_ACTOR_ISOLATION = MainActor;
				SWIFT_EMIT_LOC_STRINGS = YES;
				SWIFT_OPTIMIZATION_LEVEL = "-Onone";
				SWIFT_UPCOMING_FEATURE_MEMBER_IMPORT_VISIBILITY = YES;
				SWIFT_VERSION = 5.0;
			};
			name = Debug;
		};
		0A239DFF2EAD9E8A003389C3 /* Release */ = {
			isa = XCBuildConfiguration;
			buildSettings = {
				ASSETCATALOG_COMPILER_APPICON_NAME = AppIcon;
				ASSETCATALOG_COMPILER_GLOBAL_ACCENT_COLOR_NAME = AccentColor;
				CLANG_ENABLE_MODULES = YES;
				CODE_SIGN_STYLE = Automatic;
				COMBINE_HIDPI_IMAGES = YES;
				CURRENT_PROJECT_VERSION = 1;
				ENABLE_APP_SANDBOX = YES;
				ENABLE_PREVIEWS = YES;
				ENABLE_USER_SELECTED_FILES = readonly;
				GENERATE_INFOPLIST_FILE = YES;
				INFOPLIST_KEY_NSHumanReadableCopyright = "";
				LD_RUNPATH_SEARCH_PATHS = (
					"$(inherited)",
					"@executable_path/../Frameworks",
				);
				MARKETING_VERSION = 1.0;
				PRODUCT_BUNDLE_IDENTIFIER = kev.nesforgood;
				PRODUCT_NAME = "$(TARGET_NAME)";
				REGISTER_APP_GROUPS = YES;
				STRING_CATALOG_GENERATE_SYMBOLS = YES;
				SWIFT_APPROACHABLE_CONCURRENCY = YES;
				SWIFT_DEFAULT_ACTOR_ISOLATION = MainActor;
				SWIFT_EMIT_LOC_STRINGS = YES;
				SWIFT_UPCOMING_FEATURE_MEMBER_IMPORT_VISIBILITY = YES;
				SWIFT_VERSION = 5.0;
			};
			name = Release;
		};
		0A239E012EAD9E8A003389C3 /* Debug */ = {
			isa = XCBuildConfiguration;
			buildSettings = {
				BUNDLE_LOADER = "$(TEST_HOST)";
				CODE_SIGN_STYLE = Automatic;
				CURRENT_PROJECT_VERSION = 1;
				GENERATE_INFOPLIST_FILE = YES;
				MACOSX_DEPLOYMENT_TARGET = 15.7;
				MARKETING_VERSION = 1.0;
				PRODUCT_BUNDLE_IDENTIFIER = kev.nesforgoodTests;
				PRODUCT_NAME = "$(TARGET_NAME)";
				STRING_CATALOG_GENERATE_SYMBOLS = NO;
				SWIFT_APPROACHABLE_CONCURRENCY = YES;
				SWIFT_EMIT_LOC_STRINGS = NO;
				SWIFT_UPCOMING_FEATURE_MEMBER_IMPORT_VISIBILITY = YES;
				SWIFT_VERSION = 5.0;
				TEST_HOST = "$(BUILT_PRODUCTS_DIR)/nesforgood.app/$(BUNDLE_EXECUTABLE_FOLDER_PATH)/nesforgood";
			};
			name = Debug;
		};
		0A239E022EAD9E8A003389C3 /* Release */ = {
			isa = XCBuildConfiguration;
			buildSettings = {
				BUNDLE_LOADER = "$(TEST_HOST)";
				CODE_SIGN_STYLE = Automatic;
				CURRENT_PROJECT_VERSION = 1;
				GENERATE_INFOPLIST_FILE = YES;
				MACOSX_DEPLOYMENT_TARGET = 15.7;
				MARKETING_VERSION = 1.0;
				PRODUCT_BUNDLE_IDENTIFIER = kev.nesforgoodTests;
				PRODUCT_NAME = "$(TARGET_NAME)";
				STRING_CATALOG_GENERATE_SYMBOLS = NO;
				SWIFT_APPROACHABLE_CONCURRENCY = YES;
				SWIFT_EMIT_LOC_STRINGS = NO;
				SWIFT_UPCOMING_FEATURE_MEMBER_IMPORT_VISIBILITY = YES;
				SWIFT_VERSION = 5.0;
				TEST_HOST = "$(BUILT_PRODUCTS_DIR)/nesforgood.app/$(BUNDLE_EXECUTABLE_FOLDER_PATH)/nesforgood";
			};
			name = Release;
		};
		0A239E042EAD9E8A003389C3 /* Debug */ = {
			isa = XCBuildConfiguration;
			buildSettings = {
				CODE_SIGN_STYLE = Automatic;
				CURRENT_PROJECT_VERSION = 1;
				GENERATE_INFOPLIST_FILE = YES;
				MARKETING_VERSION = 1.0;
				PRODUCT_BUNDLE_IDENTIFIER = kev.nesforgoodUITests;
				PRODUCT_NAME = "$(TARGET_NAME)";
				STRING_CATALOG_GENERATE_SYMBOLS = NO;
				SWIFT_APPROACHABLE_CONCURRENCY = YES;
				SWIFT_EMIT_LOC_STRINGS = NO;
				SWIFT_UPCOMING_FEATURE_MEMBER_IMPORT_VISIBILITY = YES;
				SWIFT_VERSION = 5.0;
				TEST_TARGET_NAME = nesforgood;
			};
			name = Debug;
		};
		0A239E052EAD9E8A003389C3 /* Release */ = {
			isa = XCBuildConfiguration;
			buildSettings = {
				CODE_SIGN_STYLE = Automatic;
				CURRENT_PROJECT_VERSION = 1;
				GENERATE_INFOPLIST_FILE = YES;
				MARKETING_VERSION = 1.0;
				PRODUCT_BUNDLE_IDENTIFIER = kev.nesforgoodUITests;
				PRODUCT_NAME = "$(TARGET_NAME)";
				STRING_CATALOG_GENERATE_SYMBOLS = NO;
				SWIFT_APPROACHABLE_CONCURRENCY = YES;
				SWIFT_EMIT_LOC_STRINGS = NO;
				SWIFT_UPCOMING_FEATURE_MEMBER_IMPORT_VISIBILITY = YES;
				SWIFT_VERSION = 5.0;
				TEST_TARGET_NAME = nesforgood;
			};
			name = Release;
		};
/* End XCBuildConfiguration section */

/* Begin XCConfigurationList section */
		0A239DD52EAD9E85003389C3 /* Build configuration list for PBXProject "nesforgood" */ = {
			isa = XCConfigurationList;
			buildConfigurations = (
				0A239DFB2EAD9E8A003389C3 /* Debug */,
				0A239DFC2EAD9E8A003389C3 /* Release */,
			);
			defaultConfigurationIsVisible = 0;
			defaultConfigurationName = Release;
		};
		0A239DFD2EAD9E8A003389C3 /* Build configuration list for PBXNativeTarget "nesforgood" */ = {
			isa = XCConfigurationList;
			buildConfigurations = (
				0A239DFE2EAD9E8A003389C3 /* Debug */,
				0A239DFF2EAD9E8A003389C3 /* Release */,
			);
			defaultConfigurationIsVisible = 0;
			defaultConfigurationName = Release;
		};
		0A239E002EAD9E8A003389C3 /* Build configuration list for PBXNativeTarget "nesforgoodTests" */ = {
			isa = XCConfigurationList;
			buildConfigurations = (
				0A239E012EAD9E8A003389C3 /* Debug */,
				0A239E022EAD9E8A003389C3 /* Release */,
			);
			defaultConfigurationIsVisible = 0;
			defaultConfigurationName = Release;
		};
		0A239E032EAD9E8A003389C3 /* Build configuration list for PBXNativeTarget "nesforgoodUITests" */ = {
			isa = XCConfigurationList;
			buildConfigurations = (
				0A239E042EAD9E8A003389C3 /* Debug */,
				0A239E052EAD9E8A003389C3 /* Release */,
			);
			defaultConfigurationIsVisible = 0;
			defaultConfigurationName = Release;
		};
/* End XCConfigurationList section */
	};
	rootObject = 0A239DD22EAD9E85003389C3 /* Project object */;
}
